
Microsoft Visual Studio Solution File, Format Version 12.00
# Visual Studio Version 16
VisualStudioVersion = 16.0.31424.327
MinimumVisualStudioVersion = 10.0.40219.1
Project("{FAE04EC0-301F-11D3-BF4B-00C04F79EFBC}") = "ToDo", "ToDo\ToDo.csproj", "{7966A0D1-802B-4432-B7A1-17FF7C3918A1}"
EndProject
Global
	GlobalSection(SolutionConfigurationPlatforms) = preSolution
		Debug|Any CPU = Debug|Any CPU
		Release|Any CPU = Release|Any CPU
	EndGlobalSection
	GlobalSection(ProjectConfigurationPlatforms) = postSolution
		{7966A0D1-802B-4432-B7A1-17FF7C3918A1}.Debug|Any CPU.ActiveCfg = Debug|Any CPU
		{7966A0D1-802B-4432-B7A1-17FF7C3918A1}.Debug|Any CPU.Build.0 = Debug|Any CPU
		{7966A0D1-802B-4432-B7A1-17FF7C3918A1}.Release|Any CPU.ActiveCfg = Release|Any CPU
		{7966A0D1-802B-4432-B7A1-17FF7C3918A1}.Release|Any CPU.Build.0 = Release|Any CPU
	EndGlobalSection
	GlobalSection(SolutionProperties) = preSolution
		HideSolutionNode = FALSE
	EndGlobalSection
	GlobalSection(ExtensibilityGlobals) = postSolution
		SolutionGuid = {879AF500-076B-40BE-BF97-EE4F6F270440}
	EndGlobalSection
EndGlobal
